<?xml version="1.0" encoding="utf-8"?>
<Project ToolsVersion="4.0" xmlns="http://schemas.microsoft.com/developer/msbuild/2003">
  <ItemGroup>
    <Filter Include="Source Files">
      <UniqueIdentifier>{4FC737F1-C7A5-4376-A066-2A32D752A2FF}</UniqueIdentifier>
      <Extensions>cpp;c;cc;cxx;def;odl;idl;hpj;bat;asm;asmx</Extensions>
    </Filter>
    <Filter Include="Header Files">
      <UniqueIdentifier>{93995380-89BD-4b04-88EB-625FBE52EBFB}</UniqueIdentifier>
      <Extensions>h;hh;hpp;hxx;hm;inl;inc;xsd</Extensions>
    </Filter>
    <Filter Include="Resource Files">
      <UniqueIdentifier>{67DA6AB6-F800-4c08-8B7A-83BB121AAD01}</UniqueIdentifier>
      <Extensions>rc;ico;cur;bmp;dlg;rc2;rct;bin;rgs;gif;jpg;jpeg;jpe;resx;tiff;tif;png;wav;mfcribbon-ms</Extensions>
    </Filter>
  </ItemGroup>
  <ItemGroup>
    <ClCompile Include="DetectChars.cpp">
      <Filter>Source Files</Filter>
    </ClCompile>
    <ClCompile Include="DetectPlates.cpp">
      <Filter>Source Files</Filter>
    </ClCompile>
    <ClCompile Include="PossibleChar.cpp">
      <Filter>Source Files</Filter>
    </ClCompile>
    <ClCompile Include="PossiblePlate.cpp">
      <Filter>Source Files</Filter>
    </ClCompile>
    <ClCompile Include="Preprocess.cpp">
      <Filter>Source Files</Filter>
    </ClCompile>
    <ClCompile Include="Run.cpp">
      <Filter>Source Files</Filter>
    </ClCompile>
    <ClCompile Include="Identified.cpp">
      <Filter>Source Files</Filter>
    </ClCompile>
    <ClCompile Include="Tools.cpp">
      <Filter>Source Files</Filter>
    </ClCompile>
    <ClCompile Include="Vehicle.cpp">
      <Filter>Source Files</Filter>
    </ClCompile>
    <ClCompile Include="Truck.cpp">
      <Filter>Source Files</Filter>
    </ClCompile>
    <ClCompile Include="Car.cpp">
      <Filter>Source Files</Filter>
    </ClCompile>
    <ClCompile Include="Bus.cpp">
      <Filter>Source Files</Filter>
    </ClCompile>
    <ClCompile Include="TransportGoods.cpp">
      <Filter>Source Files</Filter>
    </ClCompile>
    <ClCompile Include="TransportPeople.cpp">
      <Filter>Source Files</Filter>
    </ClCompile>
    <ClCompile Include="ListOfVehicle.cpp">
      <Filter>Source Files</Filter>
    </ClCompile>
    <ClCompile Include="ListOfDriver.cpp">
      <Filter>Source Files</Filter>
    </ClCompile>
    <ClCompile Include="Driver.cpp">
      <Filter>Source Files</Filter>
    </ClCompile>
    <ClCompile Include="Login.cpp">
      <Filter>Source Files</Filter>
    </ClCompile>
  </ItemGroup>
  <ItemGroup>
    <ClInclude Include="DetectChars.h">
      <Filter>Header Files</Filter>
    </ClInclude>
    <ClInclude Include="DetectPlates.h">
      <Filter>Header Files</Filter>
    </ClInclude>
    <ClInclude Include="PossibleChar.h">
      <Filter>Header Files</Filter>
    </ClInclude>
    <ClInclude Include="PossiblePlate.h">
      <Filter>Header Files</Filter>
    </ClInclude>
    <ClInclude Include="Preprocess.h">
      <Filter>Header Files</Filter>
    </ClInclude>
    <ClInclude Include="Login.h">
      <Filter>Header Files</Filter>
    </ClInclude>
    <ClInclude Include="Identified.h">
      <Filter>Header Files</Filter>
    </ClInclude>
    <ClInclude Include="Tools.h">
      <Filter>Header Files</Filter>
    </ClInclude>
    <ClInclude Include="Vehicle.h">
      <Filter>Header Files</Filter>
    </ClInclude>
    <ClInclude Include="TransportGoods.h">
      <Filter>Header Files</Filter>
    </ClInclude>
    <ClInclude Include="Bus.h">
      <Filter>Header Files</Filter>
    </ClInclude>
    <ClInclude Include="Car.h">
      <Filter>Header Files</Filter>
    </ClInclude>
    <ClInclude Include="Truck.h">
      <Filter>Header Files</Filter>
    </ClInclude>
    <ClInclude Include="TransportPeople.h">
      <Filter>Header Files</Filter>
    </ClInclude>
    <ClInclude Include="ListOfVehicle.h">
      <Filter>Header Files</Filter>
    </ClInclude>
    <ClInclude Include="ListOfDriver.h">
      <Filter>Header Files</Filter>
    </ClInclude>
    <ClInclude Include="Driver.h">
      <Filter>Header Files</Filter>
    </ClInclude>
    <ClInclude Include="stdafx.h">
      <Filter>Header Files</Filter>
    </ClInclude>
  </ItemGroup>
  <ItemGroup>
    <None Include="packages.config" />
    <None Include="PhuongTien.data">
      <Filter>Source Files</Filter>
    </None>
    <None Include="TaiKhoan.data">
      <Filter>Source Files</Filter>
    </None>
    <None Include="TaiXe.data">
      <Filter>Source Files</Filter>
    </None>
    <None Include="XeBuyt.data">
      <Filter>Source Files</Filter>
    </None>
    <None Include="XeCon.data">
      <Filter>Source Files</Filter>
    </None>
    <None Include="XeTai.data">
      <Filter>Source Files</Filter>
    </None>
  </ItemGroup>
  <ItemGroup>
    <Image Include="c1.jpg">
      <Filter>Resource Files</Filter>
    </Image>
    <Image Include="c2.jpg">
      <Filter>Resource Files</Filter>
    </Image>
    <Image Include="t1.jpg">
      <Filter>Resource Files</Filter>
    </Image>
    <Image Include="t2.jpg">
      <Filter>Resource Files</Filter>
    </Image>
    <Image Include="t3.jpg">
      <Filter>Resource Files</Filter>
    </Image>
  </ItemGroup>
</Project>